FORGE
  remote: https://forgeapi.puppetlabs.com
  specs:
    maestrodev-wget (1.5.2)
    narkisr-git (0.0.1)
    puppetlabs-apt (1.6.0)
      puppetlabs-stdlib (>= 2.2.1)
    puppetlabs-stdlib (4.3.2)
    sensu-sensu (1.1.0)
      maestrodev-wget (>= 1.4.5)
      puppetlabs-apt (>= 0.0.1)
      puppetlabs-stdlib (>= 0.0.1)
    zleslie-pkgng (0.2.3)
      puppetlabs-stdlib (>= 0)

GIT
  remote: git://github.com/mstrauss/puppet-editfile.git
  ref: master
  sha: 884efdc0997af667f24625e696630e6b1db5a952
  specs:
    mstrauss-editfile (0.0.1)

GIT
  remote: git://github.com/narkisr/puppet-archive.git
  ref: master
  sha: 3f4250dbc2b977845643e98ad24f427c24c845b1
  specs:
    narkisr-archive (0.2.0)

GIT
  remote: git://github.com/narkisr/puppet-backup.git
  ref: master
  sha: 86d4089d035358a4abc0b2d5517a6fd43e739279
  specs:
    narkisr-backup (0.1.1)

GIT
  remote: git://github.com/narkisr/puppet-monitoring.git
  ref: master
  sha: 1912b2a6c167a057050c54a8ae7abff8cb26383b
  specs:
    narkisr-monitoring (0.1.0)
      narkisr-git (>= 0)
      puppetlabs-stdlib (>= 0)
      sensu-sensu (>= 0)

DEPENDENCIES
  mstrauss-editfile (>= 0)
  narkisr-archive (>= 0)
  narkisr-backup (>= 0)
  narkisr-monitoring (>= 0)
  puppetlabs-stdlib (>= 0)
  zleslie-pkgng (>= 0)

