FORGE
  remote: https://forgeapi.puppetlabs.com
  specs:
    puppetlabs/stdlib (4.2.2)
    zleslie/pkgng (0.2.1)
      puppetlabs/stdlib (>= 0)

GIT
  remote: git://github.com/mstrauss/puppet-editfile.git
  ref: master
  sha: 884efdc0997af667f24625e696630e6b1db5a952
  specs:
    mstrauss/editfile (0.0.1)

GIT
  remote: git://github.com/narkisr/puppet-archive.git
  ref: master
  sha: 3f4250dbc2b977845643e98ad24f427c24c845b1
  specs:
    narkisr/archive (0.2.0)

GIT
  remote: git://github.com/narkisr/puppet-backup.git
  ref: master
  sha: abaf450f3a7057d8ea9fa793e2c712dcf48a1161
  specs:
    narkisr/backup (0.1.0)

DEPENDENCIES
  mstrauss/editfile (>= 0)
  narkisr/archive (>= 0)
  narkisr/backup (>= 0)
  puppetlabs/stdlib (>= 0)
  zleslie/pkgng (>= 0)

